{
  "version": "5",
  "specifiers": {
    "jsr:@denosaurs/cache@0.2.15": "0.2.15",
    "jsr:@denosaurs/plug@1": "1.0.5",
    "jsr:@denosaurs/plug@1.0.5": "1.0.5",
    "jsr:@gfx/build-glfw@0.1.0": "0.1.0",
    "jsr:@gfx/canvas@0.5.8": "0.5.8",
    "jsr:@gfx/dwm@~0.3.9": "0.3.9",
    "jsr:@milly/namedpipe@*": "1.1.0",
    "jsr:@mommysgoodpuppy/logchannel@0.1": "0.1.0",
    "jsr:@std/assert@0.214": "0.214.0",
    "jsr:@std/assert@0.217": "0.217.0",
    "jsr:@std/async@*": "1.0.12",
    "jsr:@std/cli@*": "1.0.17",
    "jsr:@std/encoding@0.214": "0.214.0",
    "jsr:@std/encoding@0.217.0": "0.217.0",
    "jsr:@std/fmt@0.214": "0.214.0",
    "jsr:@std/fs@*": "1.0.4",
    "jsr:@std/fs@0.214": "0.214.0",
    "jsr:@std/fs@0.217.0": "0.217.0",
    "jsr:@std/fs@1.0.4": "1.0.4",
    "jsr:@std/path@*": "1.0.9",
    "jsr:@std/path@0.214": "0.214.0",
    "jsr:@std/path@0.217": "0.217.0",
    "jsr:@std/path@0.217.0": "0.217.0",
    "jsr:@std/path@1.0.6": "1.0.6",
    "jsr:@std/path@^1.0.6": "1.0.9",
    "npm:@number0/iroh@*": "0.31.0",
    "npm:@number0/iroh@0.31": "0.31.0",
    "npm:@types/node@*": "22.12.0"
  },
  "jsr": {
    "@denosaurs/cache@0.2.15": {
      "integrity": "c5abe7477ef5705ff7d3dbade3380a1b6cf82e3d4cb4755068a525a75cda987b",
      "dependencies": [
        "jsr:@std/fs@1.0.4",
        "jsr:@std/path@1.0.6"
      ]
    },
    "@denosaurs/plug@1.0.5": {
      "integrity": "04cd988da558adc226202d88c3a434d5fcc08146eaf4baf0cea0c2284b16d2bf",
      "dependencies": [
        "jsr:@std/encoding@0.214",
        "jsr:@std/fmt",
        "jsr:@std/fs@0.214",
        "jsr:@std/path@0.214"
      ]
    },
    "@gfx/build-glfw@0.1.0": {
      "integrity": "dfe046f585cacbe0aa6d696e9f8fa33c0b5411121c6de58b14073c85252110fe"
    },
    "@gfx/canvas@0.5.8": {
      "integrity": "a61c80292528e7433d428556b494a0ea496dd8e6abd4a338b8b25fc04e46ea3e",
      "dependencies": [
        "jsr:@denosaurs/plug@1",
        "jsr:@denosaurs/plug@1.0.5",
        "jsr:@std/encoding@0.217.0",
        "jsr:@std/fs@0.217.0",
        "jsr:@std/path@0.217.0"
      ]
    },
    "@gfx/dwm@0.3.9": {
      "integrity": "867204194394a80679c6edd33916c8d3f4e08c33371bf07477d537cef17d4cb0",
      "dependencies": [
        "jsr:@denosaurs/cache",
        "jsr:@gfx/build-glfw",
        "jsr:@gfx/canvas"
      ]
    },
    "@milly/namedpipe@1.1.0": {
      "integrity": "b0123e3a0b88e67d6cb3e2c11345541f97fc0ff7aeb5abbcb2aa3b1785daf09a"
    },
    "@mommysgoodpuppy/logchannel@0.1.0": {
      "integrity": "4001c4ece26bb332d511c6a3e3b0383d4f39d476d375b0dda32a6e42a9259c67"
    },
    "@std/assert@0.214.0": {
      "integrity": "55d398de76a9828fd3b1aa653f4dba3eee4c6985d90c514865d2be9bd082b140"
    },
    "@std/assert@0.217.0": {
      "integrity": "c98e279362ca6982d5285c3b89517b757c1e3477ee9f14eb2fdf80a45aaa9642"
    },
    "@std/async@1.0.12": {
      "integrity": "d1bfcec459e8012846fe4e38dfc4241ab23240ecda3d8d6dfcf6d81a632e803d"
    },
    "@std/cli@1.0.17": {
      "integrity": "e15b9abe629e17be90cc6216327f03a29eae613365f1353837fa749aad29ce7b"
    },
    "@std/encoding@0.214.0": {
      "integrity": "30a8713e1db22986c7e780555ffd2fefd1d4f9374d734bb41f5970f6c3352af5"
    },
    "@std/encoding@0.217.0": {
      "integrity": "b03e8ff94c98d6b6a02c02c5cf8e5d203400155516248964fc4559abc04669dc"
    },
    "@std/fmt@0.214.0": {
      "integrity": "40382cff88a0783b347b4d69b94cf931ab8e549a733916718cb866c08efac4d4"
    },
    "@std/fs@0.214.0": {
      "integrity": "bc880fea0be120cb1550b1ed7faf92fe071003d83f2456a1e129b39193d85bea",
      "dependencies": [
        "jsr:@std/assert@0.214",
        "jsr:@std/path@0.214"
      ]
    },
    "@std/fs@0.217.0": {
      "integrity": "0bfff5f3618d68c385b28b4ffbf3a15c98293a0f1186444458b62e0111ce77b2",
      "dependencies": [
        "jsr:@std/assert@0.217",
        "jsr:@std/path@0.217"
      ]
    },
    "@std/fs@1.0.4": {
      "integrity": "2907d32d8d1d9e540588fd5fe0ec21ee638134bd51df327ad4e443aaef07123c",
      "dependencies": [
        "jsr:@std/path@^1.0.6"
      ]
    },
    "@std/path@0.214.0": {
      "integrity": "d5577c0b8d66f7e8e3586d864ebdf178bb326145a3611da5a51c961740300285",
      "dependencies": [
        "jsr:@std/assert@0.214"
      ]
    },
    "@std/path@0.217.0": {
      "integrity": "1217cc25534bca9a2f672d7fe7c6f356e4027df400c0e85c0ef3e4343bc67d11",
      "dependencies": [
        "jsr:@std/assert@0.217"
      ]
    },
    "@std/path@1.0.6": {
      "integrity": "ab2c55f902b380cf28e0eec501b4906e4c1960d13f00e11cfbcd21de15f18fed"
    },
    "@std/path@1.0.9": {
      "integrity": "260a49f11edd3db93dd38350bf9cd1b4d1366afa98e81b86167b4e3dd750129e"
    }
  },
  "npm": {
    "@number0/iroh-android-arm-eabi@0.31.0": {
      "integrity": "sha512-8MApcYfGos1+CIhDqCvQv4JmDJlnvEf95xMaMNKCUgq3CCLTkHAki9X9wJxyMuw2hciBC9jfqVIxnRdm+TdW5A==",
      "os": ["android"],
      "cpu": ["arm"]
    },
    "@number0/iroh-android-arm64@0.31.0": {
      "integrity": "sha512-B8YSKIY+zLgP/nCmLQnLJuarivYpmO7R8miUZqEkZK7/6suBxzJ/bt1Y/xLu3PLNv8JDHBo5oSJnlkN4NlcRTg==",
      "os": ["android"],
      "cpu": ["arm64"]
    },
    "@number0/iroh-darwin-arm64@0.31.0": {
      "integrity": "sha512-XFtzDC9owkXwlq1042634nKruUl/xP7nGK0yKpL9kPzZ5vKvt0gkw/7EUzgmZvGxG1o9zrUEwIFU1j43KcY9OA==",
      "os": ["darwin"],
      "cpu": ["arm64"]
    },
    "@number0/iroh-darwin-universal@0.31.0": {
      "integrity": "sha512-iEgc4ohiu9GhTWX1F3JPTuyR/3AklHcJjIgt0Q212i2ryElwFB1r7C9w0UPRVGs7bI42SpBy4CgBMAxnYuzFOA==",
      "os": ["darwin"]
    },
    "@number0/iroh-linux-arm-gnueabihf@0.31.0": {
      "integrity": "sha512-wUlIse080YDesfNpAO3sgSbD+t4Q0BOSs8mgVdguo+tL/NtbyfNa6e27vo0hdJE8lDNavmIcap4NZd0V587Pcg==",
      "os": ["linux"],
      "cpu": ["arm"]
    },
    "@number0/iroh-linux-arm-musleabihf@0.31.0": {
      "integrity": "sha512-FpNJ6o4tUxDI0wg7BIbJw/9IUCN0lYwhC1xdAsmHQ75kmu76tRbspmzc8s+nTwGVZDWV0peokMqproVJOwIFgQ==",
      "os": ["linux"],
      "cpu": ["arm"]
    },
    "@number0/iroh-linux-arm64-gnu@0.31.0": {
      "integrity": "sha512-eTcOM7YQSh2a8r70ub5fR6nT9NuFEB7xiYYMWVCMSc+V2/zP7WucddUfeAZA+r7mok7P9e3RpmPvneNd5AJRnQ==",
      "os": ["linux"],
      "cpu": ["arm64"]
    },
    "@number0/iroh-linux-arm64-musl@0.31.0": {
      "integrity": "sha512-lC2gwlEwDmkdj4QWB1fuJoyPnyDFN+xCtjfr6bnRRB0diBmKB7giUkX1/K+vtzZsEnxLBribko2Cn9D+/KLmWw==",
      "os": ["linux"],
      "cpu": ["arm64"]
    },
    "@number0/iroh-linux-x64-gnu@0.31.0": {
      "integrity": "sha512-jF/qy6UCBK6x3HHlYx837Mp1wcTPHkSantJ22iAviembjuPT94OR5wt1VLO4N1H32uiZtnTcMY1uTMz3oww50w==",
      "os": ["linux"],
      "cpu": ["x64"]
    },
    "@number0/iroh-linux-x64-musl@0.31.0": {
      "integrity": "sha512-f416rpq6RXvrx+yMSukNYEGWV5FBoUAQrPjJyBbbLvewTfqwT5p7nlWVNri8mCe4vGN0T9Kq0QzpkrvdVsF4QQ==",
      "os": ["linux"],
      "cpu": ["x64"]
    },
    "@number0/iroh-win32-arm64-msvc@0.31.0": {
      "integrity": "sha512-NoWNsQ4hNSa1MsI+0S4FHKg/HA4HJixVG3gGIdLi3+4M9Oe4EaxxE5+0eWQEi+qKeBjXThcVrsgxiBje2neLtA==",
      "os": ["win32"],
      "cpu": ["arm64"]
    },
    "@number0/iroh-win32-x64-msvc@0.31.0": {
      "integrity": "sha512-7fUpMUZxoNYI4Db2Ea0NY89wi/dTJHn0btqGIDp0kRSYqicTtxtjcGeepRo56hBvKIBEqaOJyQVn5oQ4HSSrGA==",
      "os": ["win32"],
      "cpu": ["x64"]
    },
    "@number0/iroh@0.31.0": {
      "integrity": "sha512-cZ8VKPNbOAnyeVO9zSpHlLYPC1iQb5Tn/nnjpAXBH4VtFyJUZqX3kEv55W64uPYHVutRGQ45gVmc6vo641vYUQ==",
      "optionalDependencies": [
        "@number0/iroh-android-arm-eabi",
        "@number0/iroh-android-arm64",
        "@number0/iroh-darwin-arm64",
        "@number0/iroh-darwin-universal",
        "@number0/iroh-linux-arm-gnueabihf",
        "@number0/iroh-linux-arm-musleabihf",
        "@number0/iroh-linux-arm64-gnu",
        "@number0/iroh-linux-arm64-musl",
        "@number0/iroh-linux-x64-gnu",
        "@number0/iroh-linux-x64-musl",
        "@number0/iroh-win32-arm64-msvc",
        "@number0/iroh-win32-x64-msvc"
      ]
    },
    "@types/node@22.12.0": {
      "integrity": "sha512-Fll2FZ1riMjNmlmJOdAyY5pUbkftXslB5DgEzlIuNaiWhXd00FhWxVC/r4yV/4wBb9JfImTu+jiSvXTkJ7F/gA==",
      "dependencies": [
        "undici-types"
      ]
    },
    "undici-types@6.20.0": {
      "integrity": "sha512-Ny6QZ2Nju20vw1SRHe3d9jVu6gJ+4e3+MMpqu7pqE5HT6WsTSlce++GQmK5UXS8mzV8DSYHrQH+Xrf2jVcuKNg=="
    }
  },
  "redirects": {
    "https://deno.land/std/flags/mod.ts": "https://deno.land/std@0.224.0/flags/mod.ts",
    "https://deno.land/std/fs/mod.ts": "https://deno.land/std@0.224.0/fs/mod.ts",
    "https://deno.land/std/path/mod.ts": "https://deno.land/std@0.224.0/path/mod.ts"
  },
  "remote": {
    "https://deno.land/std@0.165.0/_util/asserts.ts": "d0844e9b62510f89ce1f9878b046f6a57bf88f208a10304aab50efcb48365272",
    "https://deno.land/std@0.165.0/bytes/bytes_list.ts": "aba5e2369e77d426b10af1de0dcc4531acecec27f9b9056f4f7bfbf8ac147ab4",
    "https://deno.land/std@0.165.0/bytes/equals.ts": "3c3558c3ae85526f84510aa2b48ab2ad7bdd899e2e0f5b7a8ffc85acb3a6043a",
    "https://deno.land/std@0.165.0/bytes/mod.ts": "b2e342fd3669176a27a4e15061e9d588b89c1aaf5008ab71766e23669565d179",
    "https://deno.land/std@0.165.0/fmt/colors.ts": "9e36a716611dcd2e4865adea9c4bec916b5c60caad4cdcdc630d4974e6bb8bd4",
    "https://deno.land/std@0.165.0/io/buffer.ts": "245f1762a949082ddc0a6e9b15589d0be2d29c150266decd04320b8a8318f9f6",
    "https://deno.land/std@0.165.0/io/mod.ts": "6e781ebafd5cdccf9ab4afa1f499b08c513602d023cb08ceebc58758501f78bd",
    "https://deno.land/std@0.165.0/io/readers.ts": "45847ad404afd2f605eae1cff193f223462bc55eeb9ae313c2f3db28aada0fd6",
    "https://deno.land/std@0.165.0/io/util.ts": "294d163962e3310bd9485d3315c183dc3d0da1e6ddf23495c682f8e17e0413a8",
    "https://deno.land/std@0.165.0/io/writers.ts": "2e1c63ffd0cfba411b1fd8374609abff9ea86187c9d4d885d42e6fc20325ef0e",
    "https://deno.land/std@0.165.0/testing/_diff.ts": "a23e7fc2b4d8daa3e158fa06856bedf5334ce2a2831e8bf9e509717f455adb2c",
    "https://deno.land/std@0.165.0/testing/_format.ts": "cd11136e1797791045e639e9f0f4640d5b4166148796cad37e6ef75f7d7f3832",
    "https://deno.land/std@0.165.0/testing/asserts.ts": "1e340c589853e82e0807629ba31a43c84ebdcdeca910c4a9705715dfdb0f5ce8",
    "https://deno.land/std@0.212.0/encoding/_util.ts": "beacef316c1255da9bc8e95afb1fa56ed69baef919c88dc06ae6cb7a6103d376",
    "https://deno.land/std@0.212.0/encoding/base64.ts": "0ec6d6e6b68fc38f6396277e5184bcd47c1a9db0222fd0b563487eb67e352741",
    "https://deno.land/std@0.224.0/assert/assert.ts": "09d30564c09de846855b7b071e62b5974b001bb72a4b797958fe0660e7849834",
    "https://deno.land/std@0.224.0/assert/assert_exists.ts": "43420cf7f956748ae6ed1230646567b3593cb7a36c5a5327269279c870c5ddfd",
    "https://deno.land/std@0.224.0/assert/assertion_error.ts": "ba8752bd27ebc51f723702fac2f54d3e94447598f54264a6653d6413738a8917",
    "https://deno.land/std@0.224.0/async/debounce.ts": "e7bcccb17b6fe34646ac5d37c2a6d3830ca049e7e3534d2aace4001596f42eff",
    "https://deno.land/std@0.224.0/flags/mod.ts": "88553267f34519c8982212185339efdb2d2e62c159ec558f47eb50c8952a6be3",
    "https://deno.land/std@0.224.0/fs/_create_walk_entry.ts": "5d9d2aaec05bcf09a06748b1684224d33eba7a4de24cf4cf5599991ca6b5b412",
    "https://deno.land/std@0.224.0/fs/_get_file_info_type.ts": "da7bec18a7661dba360a1db475b826b18977582ce6fc9b25f3d4ee0403fe8cbd",
    "https://deno.land/std@0.224.0/fs/_is_same_path.ts": "709c95868345fea051c58b9e96af95cff94e6ae98dfcff2b66dee0c212c4221f",
    "https://deno.land/std@0.224.0/fs/_is_subdir.ts": "c68b309d46cc8568ed83c000f608a61bbdba0943b7524e7a30f9e450cf67eecd",
    "https://deno.land/std@0.224.0/fs/_to_path_string.ts": "29bfc9c6c112254961d75cbf6ba814d6de5349767818eb93090cecfa9665591e",
    "https://deno.land/std@0.224.0/fs/copy.ts": "7ab12a16adb65d155d4943c88081ca16ce3b0b5acada64c1ce93800653678039",
    "https://deno.land/std@0.224.0/fs/empty_dir.ts": "e400e96e1d2c8c558a5a1712063bd43939e00619c1d1cc29959babc6f1639418",
    "https://deno.land/std@0.224.0/fs/ensure_dir.ts": "51a6279016c65d2985f8803c848e2888e206d1b510686a509fa7cc34ce59d29f",
    "https://deno.land/std@0.224.0/fs/ensure_file.ts": "67608cf550529f3d4aa1f8b6b36bf817bdc40b14487bf8f60e61cbf68f507cf3",
    "https://deno.land/std@0.224.0/fs/ensure_link.ts": "5c98503ebfa9cc05e2f2efaa30e91e60b4dd5b43ebbda82f435c0a5c6e3ffa01",
    "https://deno.land/std@0.224.0/fs/ensure_symlink.ts": "cafe904cebacb9a761977d6dbf5e3af938be946a723bb394080b9a52714fafe4",
    "https://deno.land/std@0.224.0/fs/eol.ts": "18c4ac009d0318504c285879eb7f47942643f13619e0ff070a0edc59353306bd",
    "https://deno.land/std@0.224.0/fs/exists.ts": "3d38cb7dcbca3cf313be343a7b8af18a87bddb4b5ca1bd2314be12d06533b50f",
    "https://deno.land/std@0.224.0/fs/expand_glob.ts": "2e428d90acc6676b2aa7b5c78ef48f30641b13f1fe658e7976c9064fb4b05309",
    "https://deno.land/std@0.224.0/fs/mod.ts": "c25e6802cbf27f3050f60b26b00c2d8dba1cb7fcdafe34c66006a7473b7b34d4",
    "https://deno.land/std@0.224.0/fs/move.ts": "ca205d848908d7f217353bc5c623627b1333490b8b5d3ef4cab600a700c9bd8f",
    "https://deno.land/std@0.224.0/fs/walk.ts": "cddf87d2705c0163bff5d7767291f05b0f46ba10b8b28f227c3849cace08d303",
    "https://deno.land/std@0.224.0/path/_common/assert_path.ts": "dbdd757a465b690b2cc72fc5fb7698c51507dec6bfafce4ca500c46b76ff7bd8",
    "https://deno.land/std@0.224.0/path/_common/basename.ts": "569744855bc8445f3a56087fd2aed56bdad39da971a8d92b138c9913aecc5fa2",
    "https://deno.land/std@0.224.0/path/_common/common.ts": "ef73c2860694775fe8ffcbcdd387f9f97c7a656febf0daa8c73b56f4d8a7bd4c",
    "https://deno.land/std@0.224.0/path/_common/constants.ts": "dc5f8057159f4b48cd304eb3027e42f1148cf4df1fb4240774d3492b5d12ac0c",
    "https://deno.land/std@0.224.0/path/_common/dirname.ts": "684df4aa71a04bbcc346c692c8485594fc8a90b9408dfbc26ff32cf3e0c98cc8",
    "https://deno.land/std@0.224.0/path/_common/format.ts": "92500e91ea5de21c97f5fe91e178bae62af524b72d5fcd246d6d60ae4bcada8b",
    "https://deno.land/std@0.224.0/path/_common/from_file_url.ts": "d672bdeebc11bf80e99bf266f886c70963107bdd31134c4e249eef51133ceccf",
    "https://deno.land/std@0.224.0/path/_common/glob_to_reg_exp.ts": "6cac16d5c2dc23af7d66348a7ce430e5de4e70b0eede074bdbcf4903f4374d8d",
    "https://deno.land/std@0.224.0/path/_common/normalize.ts": "684df4aa71a04bbcc346c692c8485594fc8a90b9408dfbc26ff32cf3e0c98cc8",
    "https://deno.land/std@0.224.0/path/_common/normalize_string.ts": "33edef773c2a8e242761f731adeb2bd6d683e9c69e4e3d0092985bede74f4ac3",
    "https://deno.land/std@0.224.0/path/_common/relative.ts": "faa2753d9b32320ed4ada0733261e3357c186e5705678d9dd08b97527deae607",
    "https://deno.land/std@0.224.0/path/_common/strip_trailing_separators.ts": "7024a93447efcdcfeaa9339a98fa63ef9d53de363f1fbe9858970f1bba02655a",
    "https://deno.land/std@0.224.0/path/_common/to_file_url.ts": "7f76adbc83ece1bba173e6e98a27c647712cab773d3f8cbe0398b74afc817883",
    "https://deno.land/std@0.224.0/path/_interface.ts": "8dfeb930ca4a772c458a8c7bbe1e33216fe91c253411338ad80c5b6fa93ddba0",
    "https://deno.land/std@0.224.0/path/_os.ts": "8fb9b90fb6b753bd8c77cfd8a33c2ff6c5f5bc185f50de8ca4ac6a05710b2c15",
    "https://deno.land/std@0.224.0/path/basename.ts": "7ee495c2d1ee516ffff48fb9a93267ba928b5a3486b550be73071bc14f8cc63e",
    "https://deno.land/std@0.224.0/path/common.ts": "03e52e22882402c986fe97ca3b5bb4263c2aa811c515ce84584b23bac4cc2643",
    "https://deno.land/std@0.224.0/path/constants.ts": "0c206169ca104938ede9da48ac952de288f23343304a1c3cb6ec7625e7325f36",
    "https://deno.land/std@0.224.0/path/dirname.ts": "85bd955bf31d62c9aafdd7ff561c4b5fb587d11a9a5a45e2b01aedffa4238a7c",
    "https://deno.land/std@0.224.0/path/extname.ts": "593303db8ae8c865cbd9ceec6e55d4b9ac5410c1e276bfd3131916591b954441",
    "https://deno.land/std@0.224.0/path/format.ts": "6ce1779b0980296cf2bc20d66436b12792102b831fd281ab9eb08fa8a3e6f6ac",
    "https://deno.land/std@0.224.0/path/from_file_url.ts": "911833ae4fd10a1c84f6271f36151ab785955849117dc48c6e43b929504ee069",
    "https://deno.land/std@0.224.0/path/glob_to_regexp.ts": "7f30f0a21439cadfdae1be1bf370880b415e676097fda584a63ce319053b5972",
    "https://deno.land/std@0.224.0/path/is_absolute.ts": "4791afc8bfd0c87f0526eaa616b0d16e7b3ab6a65b62942e50eac68de4ef67d7",
    "https://deno.land/std@0.224.0/path/is_glob.ts": "a65f6195d3058c3050ab905705891b412ff942a292bcbaa1a807a74439a14141",
    "https://deno.land/std@0.224.0/path/join.ts": "ae2ec5ca44c7e84a235fd532e4a0116bfb1f2368b394db1c4fb75e3c0f26a33a",
    "https://deno.land/std@0.224.0/path/join_globs.ts": "5b3bf248b93247194f94fa6947b612ab9d3abd571ca8386cf7789038545e54a0",
    "https://deno.land/std@0.224.0/path/mod.ts": "f6bd79cb08be0e604201bc9de41ac9248582699d1b2ee0ab6bc9190d472cf9cd",
    "https://deno.land/std@0.224.0/path/normalize.ts": "4155743ccceeed319b350c1e62e931600272fad8ad00c417b91df093867a8352",
    "https://deno.land/std@0.224.0/path/normalize_glob.ts": "cc89a77a7d3b1d01053b9dcd59462b75482b11e9068ae6c754b5cf5d794b374f",
    "https://deno.land/std@0.224.0/path/parse.ts": "77ad91dcb235a66c6f504df83087ce2a5471e67d79c402014f6e847389108d5a",
    "https://deno.land/std@0.224.0/path/posix/_util.ts": "1e3937da30f080bfc99fe45d7ed23c47dd8585c5e473b2d771380d3a6937cf9d",
    "https://deno.land/std@0.224.0/path/posix/basename.ts": "d2fa5fbbb1c5a3ab8b9326458a8d4ceac77580961b3739cd5bfd1d3541a3e5f0",
    "https://deno.land/std@0.224.0/path/posix/common.ts": "26f60ccc8b2cac3e1613000c23ac5a7d392715d479e5be413473a37903a2b5d4",
    "https://deno.land/std@0.224.0/path/posix/constants.ts": "93481efb98cdffa4c719c22a0182b994e5a6aed3047e1962f6c2c75b7592bef1",
    "https://deno.land/std@0.224.0/path/posix/dirname.ts": "76cd348ffe92345711409f88d4d8561d8645353ac215c8e9c80140069bf42f00",
    "https://deno.land/std@0.224.0/path/posix/extname.ts": "e398c1d9d1908d3756a7ed94199fcd169e79466dd88feffd2f47ce0abf9d61d2",
    "https://deno.land/std@0.224.0/path/posix/format.ts": "185e9ee2091a42dd39e2a3b8e4925370ee8407572cee1ae52838aed96310c5c1",
    "https://deno.land/std@0.224.0/path/posix/from_file_url.ts": "951aee3a2c46fd0ed488899d024c6352b59154c70552e90885ed0c2ab699bc40",
    "https://deno.land/std@0.224.0/path/posix/glob_to_regexp.ts": "76f012fcdb22c04b633f536c0b9644d100861bea36e9da56a94b9c589a742e8f",
    "https://deno.land/std@0.224.0/path/posix/is_absolute.ts": "cebe561ad0ae294f0ce0365a1879dcfca8abd872821519b4fcc8d8967f888ede",
    "https://deno.land/std@0.224.0/path/posix/is_glob.ts": "8a8b08c08bf731acf2c1232218f1f45a11131bc01de81e5f803450a5914434b9",
    "https://deno.land/std@0.224.0/path/posix/join.ts": "7fc2cb3716aa1b863e990baf30b101d768db479e70b7313b4866a088db016f63",
    "https://deno.land/std@0.224.0/path/posix/join_globs.ts": "a9475b44645feddceb484ee0498e456f4add112e181cb94042cdc6d47d1cdd25",
    "https://deno.land/std@0.224.0/path/posix/mod.ts": "2301fc1c54a28b349e20656f68a85f75befa0ee9b6cd75bfac3da5aca9c3f604",
    "https://deno.land/std@0.224.0/path/posix/normalize.ts": "baeb49816a8299f90a0237d214cef46f00ba3e95c0d2ceb74205a6a584b58a91",
    "https://deno.land/std@0.224.0/path/posix/normalize_glob.ts": "9c87a829b6c0f445d03b3ecadc14492e2864c3ebb966f4cea41e98326e4435c6",
    "https://deno.land/std@0.224.0/path/posix/parse.ts": "09dfad0cae530f93627202f28c1befa78ea6e751f92f478ca2cc3b56be2cbb6a",
    "https://deno.land/std@0.224.0/path/posix/relative.ts": "3907d6eda41f0ff723d336125a1ad4349112cd4d48f693859980314d5b9da31c",
    "https://deno.land/std@0.224.0/path/posix/resolve.ts": "08b699cfeee10cb6857ccab38fa4b2ec703b0ea33e8e69964f29d02a2d5257cf",
    "https://deno.land/std@0.224.0/path/posix/to_file_url.ts": "7aa752ba66a35049e0e4a4be5a0a31ac6b645257d2e031142abb1854de250aaf",
    "https://deno.land/std@0.224.0/path/posix/to_namespaced_path.ts": "28b216b3c76f892a4dca9734ff1cc0045d135532bfd9c435ae4858bfa5a2ebf0",
    "https://deno.land/std@0.224.0/path/relative.ts": "ab739d727180ed8727e34ed71d976912461d98e2b76de3d3de834c1066667add",
    "https://deno.land/std@0.224.0/path/resolve.ts": "a6f977bdb4272e79d8d0ed4333e3d71367cc3926acf15ac271f1d059c8494d8d",
    "https://deno.land/std@0.224.0/path/to_file_url.ts": "88f049b769bce411e2d2db5bd9e6fd9a185a5fbd6b9f5ad8f52bef517c4ece1b",
    "https://deno.land/std@0.224.0/path/to_namespaced_path.ts": "b706a4103b104cfadc09600a5f838c2ba94dbcdb642344557122dda444526e40",
    "https://deno.land/std@0.224.0/path/windows/_util.ts": "d5f47363e5293fced22c984550d5e70e98e266cc3f31769e1710511803d04808",
    "https://deno.land/std@0.224.0/path/windows/basename.ts": "6bbc57bac9df2cec43288c8c5334919418d784243a00bc10de67d392ab36d660",
    "https://deno.land/std@0.224.0/path/windows/common.ts": "26f60ccc8b2cac3e1613000c23ac5a7d392715d479e5be413473a37903a2b5d4",
    "https://deno.land/std@0.224.0/path/windows/constants.ts": "5afaac0a1f67b68b0a380a4ef391bf59feb55856aa8c60dfc01bd3b6abb813f5",
    "https://deno.land/std@0.224.0/path/windows/dirname.ts": "33e421be5a5558a1346a48e74c330b8e560be7424ed7684ea03c12c21b627bc9",
    "https://deno.land/std@0.224.0/path/windows/extname.ts": "165a61b00d781257fda1e9606a48c78b06815385e7d703232548dbfc95346bef",
    "https://deno.land/std@0.224.0/path/windows/format.ts": "bbb5ecf379305b472b1082cd2fdc010e44a0020030414974d6029be9ad52aeb6",
    "https://deno.land/std@0.224.0/path/windows/from_file_url.ts": "ced2d587b6dff18f963f269d745c4a599cf82b0c4007356bd957cb4cb52efc01",
    "https://deno.land/std@0.224.0/path/windows/glob_to_regexp.ts": "e45f1f89bf3fc36f94ab7b3b9d0026729829fabc486c77f414caebef3b7304f8",
    "https://deno.land/std@0.224.0/path/windows/is_absolute.ts": "4a8f6853f8598cf91a835f41abed42112cebab09478b072e4beb00ec81f8ca8a",
    "https://deno.land/std@0.224.0/path/windows/is_glob.ts": "8a8b08c08bf731acf2c1232218f1f45a11131bc01de81e5f803450a5914434b9",
    "https://deno.land/std@0.224.0/path/windows/join.ts": "8d03530ab89195185103b7da9dfc6327af13eabdcd44c7c63e42e27808f50ecf",
    "https://deno.land/std@0.224.0/path/windows/join_globs.ts": "a9475b44645feddceb484ee0498e456f4add112e181cb94042cdc6d47d1cdd25",
    "https://deno.land/std@0.224.0/path/windows/mod.ts": "2301fc1c54a28b349e20656f68a85f75befa0ee9b6cd75bfac3da5aca9c3f604",
    "https://deno.land/std@0.224.0/path/windows/normalize.ts": "78126170ab917f0ca355a9af9e65ad6bfa5be14d574c5fb09bb1920f52577780",
    "https://deno.land/std@0.224.0/path/windows/normalize_glob.ts": "9c87a829b6c0f445d03b3ecadc14492e2864c3ebb966f4cea41e98326e4435c6",
    "https://deno.land/std@0.224.0/path/windows/parse.ts": "08804327b0484d18ab4d6781742bf374976de662f8642e62a67e93346e759707",
    "https://deno.land/std@0.224.0/path/windows/relative.ts": "3e1abc7977ee6cc0db2730d1f9cb38be87b0ce4806759d271a70e4997fc638d7",
    "https://deno.land/std@0.224.0/path/windows/resolve.ts": "8dae1dadfed9d46ff46cc337c9525c0c7d959fb400a6308f34595c45bdca1972",
    "https://deno.land/std@0.224.0/path/windows/to_file_url.ts": "40e560ee4854fe5a3d4d12976cef2f4e8914125c81b11f1108e127934ced502e",
    "https://deno.land/std@0.224.0/path/windows/to_namespaced_path.ts": "4ffa4fb6fae321448d5fe810b3ca741d84df4d7897e61ee29be961a6aac89a4c",
    "https://deno.land/std@0.97.0/_util/assert.ts": "2f868145a042a11d5ad0a3c748dcf580add8a0dbc0e876eaa0026303a5488f58",
    "https://deno.land/std@0.97.0/_util/os.ts": "e282950a0eaa96760c0cf11e7463e66babd15ec9157d4c9ed49cc0925686f6a7",
    "https://deno.land/std@0.97.0/encoding/base64.ts": "eecae390f1f1d1cae6f6c6d732ede5276bf4b9cd29b1d281678c054dc5cc009e",
    "https://deno.land/std@0.97.0/encoding/hex.ts": "f952e0727bddb3b2fd2e6889d104eacbd62e92091f540ebd6459317a61932d9b",
    "https://deno.land/std@0.97.0/fs/_util.ts": "f2ce811350236ea8c28450ed822a5f42a0892316515b1cd61321dec13569c56b",
    "https://deno.land/std@0.97.0/fs/ensure_dir.ts": "b7c103dc41a3d1dbbb522bf183c519c37065fdc234831a4a0f7d671b1ed5fea7",
    "https://deno.land/std@0.97.0/fs/exists.ts": "b0d2e31654819cc2a8d37df45d6b14686c0cc1d802e9ff09e902a63e98b85a00",
    "https://deno.land/std@0.97.0/hash/_wasm/hash.ts": "cb6ad1ab429f8ac9d6eae48f3286e08236d662e1a2e5cfd681ba1c0f17375895",
    "https://deno.land/std@0.97.0/hash/_wasm/wasm.js": "94b1b997ae6fb4e6d2156bcea8f79cfcd1e512a91252b08800a92071e5e84e1a",
    "https://deno.land/std@0.97.0/hash/hasher.ts": "57a9ec05dd48a9eceed319ac53463d9873490feea3832d58679df6eec51c176b",
    "https://deno.land/std@0.97.0/hash/mod.ts": "5d032bd34186cda2f8d17fc122d621430953a6030d4b3f11172004715e3e2441",
    "https://deno.land/std@0.97.0/path/_constants.ts": "1247fee4a79b70c89f23499691ef169b41b6ccf01887a0abd131009c5581b853",
    "https://deno.land/std@0.97.0/path/_interface.ts": "1fa73b02aaa24867e481a48492b44f2598cd9dfa513c7b34001437007d3642e4",
    "https://deno.land/std@0.97.0/path/_util.ts": "2e06a3b9e79beaf62687196bd4b60a4c391d862cfa007a20fc3a39f778ba073b",
    "https://deno.land/std@0.97.0/path/common.ts": "eaf03d08b569e8a87e674e4e265e099f237472b6fd135b3cbeae5827035ea14a",
    "https://deno.land/std@0.97.0/path/glob.ts": "314ad9ff263b895795208cdd4d5e35a44618ca3c6dd155e226fb15d065008652",
    "https://deno.land/std@0.97.0/path/mod.ts": "4465dc494f271b02569edbb4a18d727063b5dbd6ed84283ff906260970a15d12",
    "https://deno.land/std@0.97.0/path/posix.ts": "f56c3c99feb47f30a40ce9d252ef6f00296fa7c0fcb6dd81211bdb3b8b99ca3b",
    "https://deno.land/std@0.97.0/path/separator.ts": "8fdcf289b1b76fd726a508f57d3370ca029ae6976fcde5044007f062e643ff1c",
    "https://deno.land/std@0.97.0/path/win32.ts": "77f7b3604e0de40f3a7c698e8a79e7f601dc187035a1c21cb1e596666ce112f8",
    "https://deno.land/x/cache@0.2.13/deps.ts": "6f14e76a1a09f329e3f3830c6e72bd10b53a89a75769d5ea886e5d8603e503e6",
    "https://deno.land/x/cache@0.2.13/directories.ts": "ef48531cab3f827252e248596d15cede0de179a2fb15392ae24cf8034519994f",
    "https://deno.land/x/dwm@0.3.4/mod.ts": "8a8ca602442d250eaa7cef67c14245a41aa7dc8de2fa337008e433a2ed1fe2f1",
    "https://deno.land/x/dwm@0.3.4/src/core/common.ts": "dd4cd26f45fca187c5a6192bfb7b3b4a01a23c66dddf64e19e013de7748f988d",
    "https://deno.land/x/dwm@0.3.4/src/core/event.ts": "7c4094add2740d02623f49f2c1862996c1e8847552b2798043b28ac07aa0cc10",
    "https://deno.land/x/dwm@0.3.4/src/core/mod.ts": "e2d83be865a55195fc8ffd8664478c10a8b2a7703fa8210c522ff8e42f7adf2a",
    "https://deno.land/x/dwm@0.3.4/src/core/monitor.ts": "b291ebad386095285fb7c430990be0a9f1f5f81fbcb338058ce72a538a75d667",
    "https://deno.land/x/dwm@0.3.4/src/core/platform.ts": "6cab5f575198848673204673fe82d242c9c87549c16cbed9a64c838eb99dd2d4",
    "https://deno.land/x/dwm@0.3.4/src/core/window.ts": "8921ff8d8d80123de50f3042965261a008715c8c953c8996c33cdccebfbbf8c4",
    "https://deno.land/x/dwm@0.3.4/src/platform/glfw/constants.ts": "832295fa6a4bd66aea638bd09ad2cc48b3756daff814c7c0ae2a544f228be9e5",
    "https://deno.land/x/dwm@0.3.4/src/platform/glfw/ffi.ts": "dede92ab1fdf1955eb8e5012f2d0d925879a712439c044a9e8f9f9205cb4e4f4",
    "https://deno.land/x/dwm@0.3.4/src/platform/glfw/monitor.ts": "05506c5d21c527a6ea456d24e00f88a01a9292a68f45a845499137ecb6fb80c7",
    "https://deno.land/x/dwm@0.3.4/src/platform/glfw/platform.ts": "cca2684151f34be392e74a9828f89f8c3ed46db25e59aec1f638b4ccf82535e9",
    "https://deno.land/x/dwm@0.3.4/src/platform/glfw/scancode_win.json": "711ee525f88fe92129acd7d66fd6a5665b68ce6a60f590ae24de67e1ee916b8f",
    "https://deno.land/x/dwm@0.3.4/src/platform/glfw/window.ts": "b70a211a7ea1cab0e58ce5a77e6a0f775a500e33e58a88c012f53e445731d9fb",
    "https://deno.land/x/dwm@0.3.4/src/platform/mod.ts": "20572d937c62ec543e0ca87cf8ed32cd15505d254f97a6fae98b936e480f2157",
    "https://deno.land/x/gluten@0.1.9/api/gl3.2.ts": "e4f5618012362538c86e9a8d2e5de53bda8b3d5409ed2ae7f698ee42a4edee9e",
    "https://deno.land/x/gluten@0.1.9/api/gl4.6.ts": "ff5a82e62bdc9a87c4b8dfb9f8342c54b3054b009243a0dbf262c7440804c13e",
    "https://deno.land/x/gluten@0.1.9/api/gles23.2.ts": "a1a730a206460f92bbab6dcfcc6343eaccc6397534fc21e84f5f6bc76b531a46",
    "https://deno.land/x/osc@v0.1.0/deps.ts": "fd1c1b8221673a7fddda6e410e722452f00826e268598d944126f22ba93a7f4e",
    "https://deno.land/x/osc@v0.1.0/mod.ts": "e8de4b2c9b04566c2c6286af417b0b844aa5c6e5c1c0ad8ebc3a9d6d5dd3d4ab",
    "https://glfw-binaries.deno.dev/3.4.0-patch3/glfw3_darwin.js": "24a2ca2c0411c936455cc94541eee4d5189bcfad40ced6aa990500f60cac5566",
    "https://glfw-binaries.deno.dev/3.4.0-patch3/glfw3_darwin_aarch64.js": "0b61def6f669ee4262929649b14a46687a724615bfbd6916b6ee06321931b403",
    "https://glfw-binaries.deno.dev/3.4.0-patch3/glfw3_linux.js": "d76eb1ca34a88ee52c1426d0d58e9fcf284e717144f47d9d5ada988e96076b35",
    "https://glfw-binaries.deno.dev/3.4.0-patch3/glfw3_windows.js": "b064f7873744ba2d1fdbacc4c605a5a9477b612d5ea8e4391cb622a775315824",
    "https://raw.githubusercontent.com/mommysgoodpuppy/byte_type_C/main/mod.ts": "9473507398048cb24dbb37b3a220777106c69c28d573898648deb2bb84a7e131",
    "https://raw.githubusercontent.com/mommysgoodpuppy/byte_type_C/main/src/array/array.ts": "47a72c6dcd72062ac4bc21df485540d3763fe40dc2b3a707591e3e6f29341abc",
    "https://raw.githubusercontent.com/mommysgoodpuppy/byte_type_C/main/src/array/array_buffer.ts": "3e78940e9d481e23cc271d14ed9fa4c45e4e7e6bdbcc602f26e8a70ff28ba6bb",
    "https://raw.githubusercontent.com/mommysgoodpuppy/byte_type_C/main/src/array/mod.ts": "2e6eaa208bbd7a39be9ca80d51ce1f660c69c60f38db3aa49cd8feadce4ca604",
    "https://raw.githubusercontent.com/mommysgoodpuppy/byte_type_C/main/src/array/sized_array.ts": "b2de484087076c08b76d3a399ff5f550fc04932ee3e015929776788f381702ab",
    "https://raw.githubusercontent.com/mommysgoodpuppy/byte_type_C/main/src/array/typed_array.ts": "d966cb09bc0bf80ded4c738a0970582c06f34d59e760dd69ae56dd97f2a402c0",
    "https://raw.githubusercontent.com/mommysgoodpuppy/byte_type_C/main/src/bitflags/bitflags16.ts": "1ebd50d376db22cdfaece2ac48505360d34fbf8b207844eaa07ab5d52d1a0856",
    "https://raw.githubusercontent.com/mommysgoodpuppy/byte_type_C/main/src/bitflags/bitflags32.ts": "8e8c9d7ff79d3b19d9e08a37a21887a9b0778eb21d602bbd54cb73d74262e05a",
    "https://raw.githubusercontent.com/mommysgoodpuppy/byte_type_C/main/src/bitflags/bitflags64.ts": "51c89f3836146b534294b28808a3d7744d9b635707eee702f5057733d83e8f2e",
    "https://raw.githubusercontent.com/mommysgoodpuppy/byte_type_C/main/src/bitflags/bitflags8.ts": "d6e71d70c745d1ffcfba9c440628d989790ce271b61688d9cf12f99a2466be73",
    "https://raw.githubusercontent.com/mommysgoodpuppy/byte_type_C/main/src/bitflags/mod.ts": "1897c05a4349ab257e80125968cab75103b57c90620e9cf5f0e6747c95f1541e",
    "https://raw.githubusercontent.com/mommysgoodpuppy/byte_type_C/main/src/compound/mod.ts": "29578ec04e59c9217e3850b83633094498ef8187433c69a19677c7023ab3ca7e",
    "https://raw.githubusercontent.com/mommysgoodpuppy/byte_type_C/main/src/compound/sized_struct.ts": "c0c5c1e52bfab6aca3e7fcbafa7fa85d25b5736df95f3444533347dc54e5a022",
    "https://raw.githubusercontent.com/mommysgoodpuppy/byte_type_C/main/src/compound/struct.ts": "f513de2a5e7605521615695b31e8df3d39dc62500dd8acf8afb19b15208bfa80",
    "https://raw.githubusercontent.com/mommysgoodpuppy/byte_type_C/main/src/compound/tagged_union.ts": "aa54f9492b335f070605e1e511c2a089ab7156d79788a97336867da497b04ac7",
    "https://raw.githubusercontent.com/mommysgoodpuppy/byte_type_C/main/src/compound/tuple.ts": "339be2611bfdbaff3a8e590adeb50d5b70c4d2156446cf2097f0a350e78727e9",
    "https://raw.githubusercontent.com/mommysgoodpuppy/byte_type_C/main/src/mod.ts": "855780c4734004714af53c5184782a22f01747094c4f1c53d60947186f3914c1",
    "https://raw.githubusercontent.com/mommysgoodpuppy/byte_type_C/main/src/primitives/bool.ts": "417044e1a0b480eeb42d431927041061a5105da6554b50a6837283a16b676e49",
    "https://raw.githubusercontent.com/mommysgoodpuppy/byte_type_C/main/src/primitives/f32.ts": "3a346fbb614cda8df3a3e912d4c454e8135448cfacd08145dfd8900c75abc8e6",
    "https://raw.githubusercontent.com/mommysgoodpuppy/byte_type_C/main/src/primitives/f64.ts": "5599679822be4e2b053055ba106eb125c758f67f92b6a7ac409df8cf8b6296b0",
    "https://raw.githubusercontent.com/mommysgoodpuppy/byte_type_C/main/src/primitives/i16.ts": "49d0435c42b7437e07d14ecd126f78c81846e65fbfe99bf2a38939a2528f20f2",
    "https://raw.githubusercontent.com/mommysgoodpuppy/byte_type_C/main/src/primitives/i32.ts": "336cd0fcdf1b6253d8cef90ecd32753802f59fbe0a9c7aeedb203c423dc10932",
    "https://raw.githubusercontent.com/mommysgoodpuppy/byte_type_C/main/src/primitives/i64.ts": "531d39e90674c563e699e6b05c519affe54834eca4b3e1a8e4df877ded53131f",
    "https://raw.githubusercontent.com/mommysgoodpuppy/byte_type_C/main/src/primitives/i8.ts": "9103289010f6689b8ea9666f37837f014b57fff4367e706e3201a5c4424df5d6",
    "https://raw.githubusercontent.com/mommysgoodpuppy/byte_type_C/main/src/primitives/mod.ts": "cf6fd271c658b77ed27da3589342ff4c508af041ac97bf05c764bfc3814591ef",
    "https://raw.githubusercontent.com/mommysgoodpuppy/byte_type_C/main/src/primitives/u16.ts": "0c3f0c7061e63f79770939019b213ea164f736a7f00362826fd6d4208c6cc3fc",
    "https://raw.githubusercontent.com/mommysgoodpuppy/byte_type_C/main/src/primitives/u32.ts": "3e34d5c1b758e4fb427d70f16fc605aa4f9e9ca1d077240745710f3cd79637a5",
    "https://raw.githubusercontent.com/mommysgoodpuppy/byte_type_C/main/src/primitives/u64.ts": "507109a8c80880f1a1446bb723d6fc81bd44a23d5ca7d298db5a94c1b492767b",
    "https://raw.githubusercontent.com/mommysgoodpuppy/byte_type_C/main/src/primitives/u8.ts": "f3f4d9901d0b61f12395a6c96edadef3d7d033544b4f5f0b704e9d17832577af",
    "https://raw.githubusercontent.com/mommysgoodpuppy/byte_type_C/main/src/string/_common.ts": "35c46f52cde3136b7a0888128f61dc0760b387baf2174dac681aa5666b4b5cb0",
    "https://raw.githubusercontent.com/mommysgoodpuppy/byte_type_C/main/src/string/cstring.ts": "50e287dc291260617df940f4a109835423e41b0184264bf81d66795d802ed62f",
    "https://raw.githubusercontent.com/mommysgoodpuppy/byte_type_C/main/src/string/fixed_length.ts": "f415096a44f0b580c329429a471b28bb5ad800c69847781a88879deb2f18dc57",
    "https://raw.githubusercontent.com/mommysgoodpuppy/byte_type_C/main/src/string/mod.ts": "3d13829eefc7e781f2be70d62fbc1ac5e14ba30fec62bb713094ebec479e2aef",
    "https://raw.githubusercontent.com/mommysgoodpuppy/byte_type_C/main/src/types/common.ts": "6196523503fde8abca0b414bbe0e0b888ad4e2076e89e2c8a636e932a3214697",
    "https://raw.githubusercontent.com/mommysgoodpuppy/byte_type_C/main/src/types/mod.ts": "de654b64e556bc95287f47bf2e5359fa6b75ba9a7ecadbfdbe6adc5b8f4e9311",
    "https://raw.githubusercontent.com/mommysgoodpuppy/byte_type_C/main/src/types/sized.ts": "9ac1c68dd684d93002d8f129d7f3e1b4202432ce7ba90469f14fc2f61a7ad557",
    "https://raw.githubusercontent.com/mommysgoodpuppy/byte_type_C/main/src/types/unsized.ts": "6d7f6b05a6ee095127b694466f416806d2d08f13bbec53c48d2568bfa8e435ae",
    "https://raw.githubusercontent.com/mommysgoodpuppy/byte_type_C/main/src/util.ts": "225fbd478d6abdf0e364b847e66e6ff9311b7e49163714f8efd9e08ddec9e55d",
    "https://raw.githubusercontent.com/mommysgoodpuppy/byte_type_C/main/src/varint/_common.ts": "c7430bfb243b2311e852c45664194e3c2fd7c6cd61ff03292410fca89101ec2d",
    "https://raw.githubusercontent.com/mommysgoodpuppy/byte_type_C/main/src/varint/i32_leb128.ts": "e37e9e24c48ee7b43264c486ded758ffabb9a4e261f7c8d6d275a48b78ea2f29",
    "https://raw.githubusercontent.com/mommysgoodpuppy/byte_type_C/main/src/varint/i64_leb128.ts": "febba94e3fd9ac71bd65219be9f651f2f7706e11a621153f282ce6e33c69d8fe",
    "https://raw.githubusercontent.com/mommysgoodpuppy/byte_type_C/main/src/varint/mod.ts": "f52855601abd19c9af3cdc4e19afde4b57a0d567b99a807063b6a3761b783bba"
  },
  "workspace": {
    "dependencies": [
      "jsr:@gfx/dwm@~0.3.9",
      "jsr:@mommysgoodpuppy/logchannel@0.1",
      "npm:@number0/iroh@0.31"
    ]
  }
}
