{
  "version": "4",
  "specifiers": {
    "npm:@number0/iroh@0.31": "0.31.0"
  },
  "npm": {
    "@number0/iroh-android-arm-eabi@0.31.0": {
      "integrity": "sha512-8MApcYfGos1+CIhDqCvQv4JmDJlnvEf95xMaMNKCUgq3CCLTkHAki9X9wJxyMuw2hciBC9jfqVIxnRdm+TdW5A=="
    },
    "@number0/iroh-android-arm64@0.31.0": {
      "integrity": "sha512-B8YSKIY+zLgP/nCmLQnLJuarivYpmO7R8miUZqEkZK7/6suBxzJ/bt1Y/xLu3PLNv8JDHBo5oSJnlkN4NlcRTg=="
    },
    "@number0/iroh-darwin-arm64@0.31.0": {
      "integrity": "sha512-XFtzDC9owkXwlq1042634nKruUl/xP7nGK0yKpL9kPzZ5vKvt0gkw/7EUzgmZvGxG1o9zrUEwIFU1j43KcY9OA=="
    },
    "@number0/iroh-darwin-universal@0.31.0": {
      "integrity": "sha512-iEgc4ohiu9GhTWX1F3JPTuyR/3AklHcJjIgt0Q212i2ryElwFB1r7C9w0UPRVGs7bI42SpBy4CgBMAxnYuzFOA=="
    },
    "@number0/iroh-linux-arm-gnueabihf@0.31.0": {
      "integrity": "sha512-wUlIse080YDesfNpAO3sgSbD+t4Q0BOSs8mgVdguo+tL/NtbyfNa6e27vo0hdJE8lDNavmIcap4NZd0V587Pcg=="
    },
    "@number0/iroh-linux-arm-musleabihf@0.31.0": {
      "integrity": "sha512-FpNJ6o4tUxDI0wg7BIbJw/9IUCN0lYwhC1xdAsmHQ75kmu76tRbspmzc8s+nTwGVZDWV0peokMqproVJOwIFgQ=="
    },
    "@number0/iroh-linux-arm64-gnu@0.31.0": {
      "integrity": "sha512-eTcOM7YQSh2a8r70ub5fR6nT9NuFEB7xiYYMWVCMSc+V2/zP7WucddUfeAZA+r7mok7P9e3RpmPvneNd5AJRnQ=="
    },
    "@number0/iroh-linux-arm64-musl@0.31.0": {
      "integrity": "sha512-lC2gwlEwDmkdj4QWB1fuJoyPnyDFN+xCtjfr6bnRRB0diBmKB7giUkX1/K+vtzZsEnxLBribko2Cn9D+/KLmWw=="
    },
    "@number0/iroh-linux-x64-gnu@0.31.0": {
      "integrity": "sha512-jF/qy6UCBK6x3HHlYx837Mp1wcTPHkSantJ22iAviembjuPT94OR5wt1VLO4N1H32uiZtnTcMY1uTMz3oww50w=="
    },
    "@number0/iroh-linux-x64-musl@0.31.0": {
      "integrity": "sha512-f416rpq6RXvrx+yMSukNYEGWV5FBoUAQrPjJyBbbLvewTfqwT5p7nlWVNri8mCe4vGN0T9Kq0QzpkrvdVsF4QQ=="
    },
    "@number0/iroh-win32-arm64-msvc@0.31.0": {
      "integrity": "sha512-NoWNsQ4hNSa1MsI+0S4FHKg/HA4HJixVG3gGIdLi3+4M9Oe4EaxxE5+0eWQEi+qKeBjXThcVrsgxiBje2neLtA=="
    },
    "@number0/iroh-win32-x64-msvc@0.31.0": {
      "integrity": "sha512-7fUpMUZxoNYI4Db2Ea0NY89wi/dTJHn0btqGIDp0kRSYqicTtxtjcGeepRo56hBvKIBEqaOJyQVn5oQ4HSSrGA=="
    },
    "@number0/iroh@0.31.0": {
      "integrity": "sha512-cZ8VKPNbOAnyeVO9zSpHlLYPC1iQb5Tn/nnjpAXBH4VtFyJUZqX3kEv55W64uPYHVutRGQ45gVmc6vo641vYUQ==",
      "dependencies": [
        "@number0/iroh-android-arm-eabi",
        "@number0/iroh-android-arm64",
        "@number0/iroh-darwin-arm64",
        "@number0/iroh-darwin-universal",
        "@number0/iroh-linux-arm-gnueabihf",
        "@number0/iroh-linux-arm-musleabihf",
        "@number0/iroh-linux-arm64-gnu",
        "@number0/iroh-linux-arm64-musl",
        "@number0/iroh-linux-x64-gnu",
        "@number0/iroh-linux-x64-musl",
        "@number0/iroh-win32-arm64-msvc",
        "@number0/iroh-win32-x64-msvc"
      ]
    }
  },
  "workspace": {
    "dependencies": [
      "npm:@number0/iroh@0.31"
    ]
  }
}
